{
    "version": 3,
    "terraform_version": "0.10.8",
    "serial": 22,
    "lineage": "aa2cc72d-fd21-4cf5-9eca-5f9859118b3c",
    "modules": [
        {
            "path": [
                "root"
            ],
            "outputs": {
                "api_address": {
                    "sensitive": false,
                    "type": "string",
                    "value": "elb-public-backend-363352933.us-east-1.elb.amazonaws.com"
                },
                "frontend_address": {
                    "sensitive": false,
                    "type": "string",
                    "value": "elb-public-frontend-1403233364.us-east-1.elb.amazonaws.com"
                },
                "galera_address": {
                    "sensitive": false,
                    "type": "string",
                    "value": "internal-elb-private-galera-377528302.us-east-1.elb.amazonaws.com"
                }
            },
            "resources": {
                "aws_elb.backend": {
                    "type": "aws_elb",
                    "depends_on": [
                        "aws_security_group.elb",
                        "aws_subnet.private",
                        "aws_subnet.public",
                        "module.backend_api"
                    ],
                    "primary": {
                        "id": "elb-public-backend",
                        "attributes": {
                            "access_logs.#": "0",
                            "availability_zones.#": "2",
                            "availability_zones.1252502072": "us-east-1f",
                            "availability_zones.2762590996": "us-east-1d",
                            "connection_draining": "false",
                            "connection_draining_timeout": "300",
                            "cross_zone_load_balancing": "true",
                            "dns_name": "elb-public-backend-363352933.us-east-1.elb.amazonaws.com",
                            "health_check.#": "1",
                            "health_check.0.healthy_threshold": "2",
                            "health_check.0.interval": "30",
                            "health_check.0.target": "HTTP:80/healthcheck.php",
                            "health_check.0.timeout": "3",
                            "health_check.0.unhealthy_threshold": "2",
                            "id": "elb-public-backend",
                            "idle_timeout": "60",
                            "instances.#": "1",
                            "instances.630399170": "i-085bb480cbcdb7532",
                            "internal": "false",
                            "listener.#": "1",
                            "listener.3057123346.instance_port": "80",
                            "listener.3057123346.instance_protocol": "http",
                            "listener.3057123346.lb_port": "80",
                            "listener.3057123346.lb_protocol": "http",
                            "listener.3057123346.ssl_certificate_id": "",
                            "name": "elb-public-backend",
                            "security_groups.#": "1",
                            "security_groups.1462982739": "sg-851818f7",
                            "source_security_group": "879795574988/sec_group_elb",
                            "source_security_group_id": "sg-851818f7",
                            "subnets.#": "2",
                            "subnets.4034918610": "subnet-b980b8b5",
                            "subnets.809488558": "subnet-7f659a50",
                            "tags.%": "0",
                            "zone_id": "Z35SXDOTRQ7X7K"
                        },
                        "meta": {},
                        "tainted": false
                    },
                    "deposed": [],
                    "provider": ""
                },
                "aws_elb.db_mysql": {
                    "type": "aws_elb",
                    "depends_on": [
                        "aws_security_group.elb",
                        "aws_subnet.private",
                        "module.db_mysql"
                    ],
                    "primary": {
                        "id": "elb-private-galera",
                        "attributes": {
                            "access_logs.#": "0",
                            "availability_zones.#": "1",
                            "availability_zones.1252502072": "us-east-1f",
                            "connection_draining": "false",
                            "connection_draining_timeout": "300",
                            "cross_zone_load_balancing": "true",
                            "dns_name": "internal-elb-private-galera-377528302.us-east-1.elb.amazonaws.com",
                            "health_check.#": "1",
                            "health_check.0.healthy_threshold": "2",
                            "health_check.0.interval": "30",
                            "health_check.0.target": "HTTP:9222/",
                            "health_check.0.timeout": "3",
                            "health_check.0.unhealthy_threshold": "2",
                            "id": "elb-private-galera",
                            "idle_timeout": "60",
                            "instances.#": "1",
                            "instances.4168905025": "i-019966d8ca5369bd6",
                            "internal": "true",
                            "listener.#": "1",
                            "listener.1711430035.instance_port": "3306",
                            "listener.1711430035.instance_protocol": "tcp",
                            "listener.1711430035.lb_port": "3306",
                            "listener.1711430035.lb_protocol": "tcp",
                            "listener.1711430035.ssl_certificate_id": "",
                            "name": "elb-private-galera",
                            "security_groups.#": "1",
                            "security_groups.1462982739": "sg-851818f7",
                            "source_security_group": "879795574988/sec_group_elb",
                            "source_security_group_id": "sg-851818f7",
                            "subnets.#": "1",
                            "subnets.4034918610": "subnet-b980b8b5",
                            "tags.%": "0",
                            "zone_id": "Z35SXDOTRQ7X7K"
                        },
                        "meta": {},
                        "tainted": false
                    },
                    "deposed": [],
                    "provider": ""
                },
                "aws_elb.frontend": {
                    "type": "aws_elb",
                    "depends_on": [
                        "aws_security_group.elb",
                        "aws_subnet.public",
                        "module.frontend"
                    ],
                    "primary": {
                        "id": "elb-public-frontend",
                        "attributes": {
                            "access_logs.#": "0",
                            "availability_zones.#": "1",
                            "availability_zones.2762590996": "us-east-1d",
                            "connection_draining": "false",
                            "connection_draining_timeout": "300",
                            "cross_zone_load_balancing": "true",
                            "dns_name": "elb-public-frontend-1403233364.us-east-1.elb.amazonaws.com",
                            "health_check.#": "1",
                            "health_check.0.healthy_threshold": "2",
                            "health_check.0.interval": "30",
                            "health_check.0.target": "HTTP:80/healthcheck.php",
                            "health_check.0.timeout": "3",
                            "health_check.0.unhealthy_threshold": "2",
                            "id": "elb-public-frontend",
                            "idle_timeout": "60",
                            "instances.#": "2",
                            "instances.1463334745": "i-0cd34e46c26438a66",
                            "instances.2353048875": "i-0ce5d185a54ea1daa",
                            "internal": "false",
                            "listener.#": "1",
                            "listener.3057123346.instance_port": "80",
                            "listener.3057123346.instance_protocol": "http",
                            "listener.3057123346.lb_port": "80",
                            "listener.3057123346.lb_protocol": "http",
                            "listener.3057123346.ssl_certificate_id": "",
                            "name": "elb-public-frontend",
                            "security_groups.#": "1",
                            "security_groups.1462982739": "sg-851818f7",
                            "source_security_group": "879795574988/sec_group_elb",
                            "source_security_group_id": "sg-851818f7",
                            "subnets.#": "1",
                            "subnets.809488558": "subnet-7f659a50",
                            "tags.%": "0",
                            "zone_id": "Z35SXDOTRQ7X7K"
                        },
                        "meta": {},
                        "tainted": false
                    },
                    "deposed": [],
                    "provider": ""
                },
                "aws_internet_gateway.default": {
                    "type": "aws_internet_gateway",
                    "depends_on": [
                        "aws_vpc.vpc_main"
                    ],
                    "primary": {
                        "id": "igw-6556ec1c",
                        "attributes": {
                            "id": "igw-6556ec1c",
                            "tags.%": "1",
                            "tags.Name": "levvel gw",
                            "vpc_id": "vpc-42ec5f3a"
                        },
                        "meta": {},
                        "tainted": false
                    },
                    "deposed": [],
                    "provider": ""
                },
                "aws_key_pair.auth": {
                    "type": "aws_key_pair",
                    "depends_on": [],
                    "primary": {
                        "id": "default",
                        "attributes": {
                            "fingerprint": "c4:7b:97:6a:9d:be:97:c7:06:aa:0b:36:57:aa:a4:46",
                            "id": "default",
                            "key_name": "default",
                            "public_key": "ssh-rsa AAAAB3NzaC1yc2EAAAADAQABAAACAQDgitMX1VOL0r4juWAtg0wGKuUftNd/bxLx9eCO/1ggQJ2d2QjCLQ67/eALNSzqRF/sEwAxXDlqaLorMMELDEzYl6tKrxrlsxvhJ2P9M+2kOmU0Hkg1+zeybFXwwkzs9qPz+xWSbGC5zUl6hka1TXdpHqqmFMAnAdrSfnRR+qzmCb2is7Cyiyxd0Nr8tLJH2FdRo5xn/2LbSeZWjUi+5lj9eVPzzRvxQBIjpcHiRaC2bPXze5BuGbX5izO2RXs8vorPoyVr7AmJEbMRfzj+dGqp+3bdvxKT5QTkylmPD3Yuvb49kWci+l5Rqb+SifPsjuPraVOmqqNcxDXo+UlNlLz21Ot341ES4O2gKAzOk7I/AXzP4qKdH+9T0UnWm46dRajO1xDATVrCzrTL7YX8Jc6Msu/wNi3K6WgEKMzj2Shg/Ct4gZi7BD0iqqupnlGpVPUfyst5HCjHPhY4sapbjPy0Z7K0fMxVmEy28J6pzHbkCc7gUc/ZT3HQ6sIKRq/r1TXflHh1u/guDszbwnXbD7sYz5b5Fvizc7KhF9B9KAfLeXJyR9ORciVjmIxHmSqgg2TybE7v1WjAwrbtgmDGugAwG6WHX2pNj4tImHY4hOVbXhXY1dRt0Dzkg7/tAHLhDmnapPiOA4/Q6K//WTxsEkoTliYIP19UcfoQ/WemrXBy7Q== aajibad1@gmail.com"
                        },
                        "meta": {
                            "schema_version": "1"
                        },
                        "tainted": false
                    },
                    "deposed": [],
                    "provider": ""
                },
                "aws_route.internet_access": {
                    "type": "aws_route",
                    "depends_on": [
                        "aws_internet_gateway.default",
                        "aws_vpc.vpc_main"
                    ],
                    "primary": {
                        "id": "r-rtb-922e7ee81080289494",
                        "attributes": {
                            "destination_cidr_block": "0.0.0.0/0",
                            "destination_prefix_list_id": "",
                            "egress_only_gateway_id": "",
                            "gateway_id": "igw-6556ec1c",
                            "id": "r-rtb-922e7ee81080289494",
                            "instance_id": "",
                            "instance_owner_id": "",
                            "nat_gateway_id": "",
                            "network_interface_id": "",
                            "origin": "CreateRoute",
                            "route_table_id": "rtb-922e7ee8",
                            "state": "active",
                            "vpc_peering_connection_id": ""
                        },
                        "meta": {},
                        "tainted": false
                    },
                    "deposed": [],
                    "provider": ""
                },
                "aws_security_group.db": {
                    "type": "aws_security_group",
                    "depends_on": [
                        "aws_vpc.vpc_main"
                    ],
                    "primary": {
                        "id": "sg-c6a6a7b4",
                        "attributes": {
                            "description": "Accepting incoming database connections",
                            "egress.#": "2",
                            "egress.2214680975.cidr_blocks.#": "1",
                            "egress.2214680975.cidr_blocks.0": "0.0.0.0/0",
                            "egress.2214680975.description": "",
                            "egress.2214680975.from_port": "80",
                            "egress.2214680975.ipv6_cidr_blocks.#": "0",
                            "egress.2214680975.prefix_list_ids.#": "0",
                            "egress.2214680975.protocol": "tcp",
                            "egress.2214680975.security_groups.#": "0",
                            "egress.2214680975.self": "false",
                            "egress.2214680975.to_port": "80",
                            "egress.2617001939.cidr_blocks.#": "1",
                            "egress.2617001939.cidr_blocks.0": "0.0.0.0/0",
                            "egress.2617001939.description": "",
                            "egress.2617001939.from_port": "443",
                            "egress.2617001939.ipv6_cidr_blocks.#": "0",
                            "egress.2617001939.prefix_list_ids.#": "0",
                            "egress.2617001939.protocol": "tcp",
                            "egress.2617001939.security_groups.#": "0",
                            "egress.2617001939.self": "false",
                            "egress.2617001939.to_port": "443",
                            "id": "sg-c6a6a7b4",
                            "ingress.#": "3",
                            "ingress.267302002.cidr_blocks.#": "1",
                            "ingress.267302002.cidr_blocks.0": "10.0.0.0/16",
                            "ingress.267302002.description": "",
                            "ingress.267302002.from_port": "-1",
                            "ingress.267302002.ipv6_cidr_blocks.#": "0",
                            "ingress.267302002.protocol": "icmp",
                            "ingress.267302002.security_groups.#": "0",
                            "ingress.267302002.self": "false",
                            "ingress.267302002.to_port": "-1",
                            "ingress.931551850.cidr_blocks.#": "1",
                            "ingress.931551850.cidr_blocks.0": "10.0.0.0/16",
                            "ingress.931551850.description": "",
                            "ingress.931551850.from_port": "22",
                            "ingress.931551850.ipv6_cidr_blocks.#": "0",
                            "ingress.931551850.protocol": "tcp",
                            "ingress.931551850.security_groups.#": "0",
                            "ingress.931551850.self": "false",
                            "ingress.931551850.to_port": "22",
                            "ingress.957905739.cidr_blocks.#": "1",
                            "ingress.957905739.cidr_blocks.0": "10.0.1.0/24",
                            "ingress.957905739.description": "",
                            "ingress.957905739.from_port": "3306",
                            "ingress.957905739.ipv6_cidr_blocks.#": "0",
                            "ingress.957905739.protocol": "tcp",
                            "ingress.957905739.security_groups.#": "0",
                            "ingress.957905739.self": "false",
                            "ingress.957905739.to_port": "3306",
                            "name": "vpc_db",
                            "owner_id": "879795574988",
                            "revoke_rules_on_delete": "false",
                            "tags.%": "1",
                            "tags.Name": "DBServerSG",
                            "vpc_id": "vpc-42ec5f3a"
                        },
                        "meta": {
                            "schema_version": "1"
                        },
                        "tainted": false
                    },
                    "deposed": [],
                    "provider": ""
                },
                "aws_security_group.elb": {
                    "type": "aws_security_group",
                    "depends_on": [
                        "aws_vpc.vpc_main"
                    ],
                    "primary": {
                        "id": "sg-851818f7",
                        "attributes": {
                            "description": "Security group fpr public facing ELB",
                            "egress.#": "1",
                            "egress.482069346.cidr_blocks.#": "1",
                            "egress.482069346.cidr_blocks.0": "0.0.0.0/0",
                            "egress.482069346.description": "",
                            "egress.482069346.from_port": "0",
                            "egress.482069346.ipv6_cidr_blocks.#": "0",
                            "egress.482069346.prefix_list_ids.#": "0",
                            "egress.482069346.protocol": "-1",
                            "egress.482069346.security_groups.#": "0",
                            "egress.482069346.self": "false",
                            "egress.482069346.to_port": "0",
                            "id": "sg-851818f7",
                            "ingress.#": "2",
                            "ingress.2214680975.cidr_blocks.#": "1",
                            "ingress.2214680975.cidr_blocks.0": "0.0.0.0/0",
                            "ingress.2214680975.description": "",
                            "ingress.2214680975.from_port": "80",
                            "ingress.2214680975.ipv6_cidr_blocks.#": "0",
                            "ingress.2214680975.protocol": "tcp",
                            "ingress.2214680975.security_groups.#": "0",
                            "ingress.2214680975.self": "false",
                            "ingress.2214680975.to_port": "80",
                            "ingress.2617001939.cidr_blocks.#": "1",
                            "ingress.2617001939.cidr_blocks.0": "0.0.0.0/0",
                            "ingress.2617001939.description": "",
                            "ingress.2617001939.from_port": "443",
                            "ingress.2617001939.ipv6_cidr_blocks.#": "0",
                            "ingress.2617001939.protocol": "tcp",
                            "ingress.2617001939.security_groups.#": "0",
                            "ingress.2617001939.self": "false",
                            "ingress.2617001939.to_port": "443",
                            "name": "sec_group_elb",
                            "owner_id": "879795574988",
                            "revoke_rules_on_delete": "false",
                            "tags.%": "1",
                            "tags.Name": "elb security group ",
                            "vpc_id": "vpc-42ec5f3a"
                        },
                        "meta": {
                            "schema_version": "1"
                        },
                        "tainted": false
                    },
                    "deposed": [],
                    "provider": ""
                },
                "aws_security_group.web": {
                    "type": "aws_security_group",
                    "depends_on": [
                        "aws_vpc.vpc_main"
                    ],
                    "primary": {
                        "id": "sg-feaaab8c",
                        "attributes": {
                            "description": " Accept incoming connections",
                            "egress.#": "1",
                            "egress.149971414.cidr_blocks.#": "1",
                            "egress.149971414.cidr_blocks.0": "10.0.2.0/24",
                            "egress.149971414.description": "",
                            "egress.149971414.from_port": "3306",
                            "egress.149971414.ipv6_cidr_blocks.#": "0",
                            "egress.149971414.prefix_list_ids.#": "0",
                            "egress.149971414.protocol": "tcp",
                            "egress.149971414.security_groups.#": "0",
                            "egress.149971414.self": "false",
                            "egress.149971414.to_port": "3306",
                            "id": "sg-feaaab8c",
                            "ingress.#": "4",
                            "ingress.1799340084.cidr_blocks.#": "1",
                            "ingress.1799340084.cidr_blocks.0": "0.0.0.0/0",
                            "ingress.1799340084.description": "",
                            "ingress.1799340084.from_port": "-1",
                            "ingress.1799340084.ipv6_cidr_blocks.#": "0",
                            "ingress.1799340084.protocol": "icmp",
                            "ingress.1799340084.security_groups.#": "0",
                            "ingress.1799340084.self": "false",
                            "ingress.1799340084.to_port": "-1",
                            "ingress.2214680975.cidr_blocks.#": "1",
                            "ingress.2214680975.cidr_blocks.0": "0.0.0.0/0",
                            "ingress.2214680975.description": "",
                            "ingress.2214680975.from_port": "80",
                            "ingress.2214680975.ipv6_cidr_blocks.#": "0",
                            "ingress.2214680975.protocol": "tcp",
                            "ingress.2214680975.security_groups.#": "0",
                            "ingress.2214680975.self": "false",
                            "ingress.2214680975.to_port": "80",
                            "ingress.2541437006.cidr_blocks.#": "1",
                            "ingress.2541437006.cidr_blocks.0": "0.0.0.0/0",
                            "ingress.2541437006.description": "",
                            "ingress.2541437006.from_port": "22",
                            "ingress.2541437006.ipv6_cidr_blocks.#": "0",
                            "ingress.2541437006.protocol": "tcp",
                            "ingress.2541437006.security_groups.#": "0",
                            "ingress.2541437006.self": "false",
                            "ingress.2541437006.to_port": "22",
                            "ingress.2617001939.cidr_blocks.#": "1",
                            "ingress.2617001939.cidr_blocks.0": "0.0.0.0/0",
                            "ingress.2617001939.description": "",
                            "ingress.2617001939.from_port": "443",
                            "ingress.2617001939.ipv6_cidr_blocks.#": "0",
                            "ingress.2617001939.protocol": "tcp",
                            "ingress.2617001939.security_groups.#": "0",
                            "ingress.2617001939.self": "false",
                            "ingress.2617001939.to_port": "443",
                            "name": "vpc_web",
                            "owner_id": "879795574988",
                            "revoke_rules_on_delete": "false",
                            "tags.%": "1",
                            "tags.Name": "web security group",
                            "vpc_id": "vpc-42ec5f3a"
                        },
                        "meta": {
                            "schema_version": "1"
                        },
                        "tainted": false
                    },
                    "deposed": [],
                    "provider": ""
                },
                "aws_subnet.private": {
                    "type": "aws_subnet",
                    "depends_on": [
                        "aws_vpc.vpc_main"
                    ],
                    "primary": {
                        "id": "subnet-b980b8b5",
                        "attributes": {
                            "assign_ipv6_address_on_creation": "false",
                            "availability_zone": "us-east-1f",
                            "cidr_block": "10.0.2.0/24",
                            "id": "subnet-b980b8b5",
                            "map_public_ip_on_launch": "true",
                            "tags.%": "1",
                            "tags.Name": "levvel private Subnet",
                            "vpc_id": "vpc-42ec5f3a"
                        },
                        "meta": {
                            "schema_version": "1"
                        },
                        "tainted": false
                    },
                    "deposed": [],
                    "provider": ""
                },
                "aws_subnet.public": {
                    "type": "aws_subnet",
                    "depends_on": [
                        "aws_vpc.vpc_main"
                    ],
                    "primary": {
                        "id": "subnet-7f659a50",
                        "attributes": {
                            "assign_ipv6_address_on_creation": "false",
                            "availability_zone": "us-east-1d",
                            "cidr_block": "10.0.1.0/24",
                            "id": "subnet-7f659a50",
                            "map_public_ip_on_launch": "true",
                            "tags.%": "1",
                            "tags.Name": "levvel public subnet",
                            "vpc_id": "vpc-42ec5f3a"
                        },
                        "meta": {
                            "schema_version": "1"
                        },
                        "tainted": false
                    },
                    "deposed": [],
                    "provider": ""
                },
                "aws_vpc.vpc_main": {
                    "type": "aws_vpc",
                    "depends_on": [],
                    "primary": {
                        "id": "vpc-42ec5f3a",
                        "attributes": {
                            "assign_generated_ipv6_cidr_block": "false",
                            "cidr_block": "10.0.0.0/16",
                            "default_network_acl_id": "acl-139dab6b",
                            "default_route_table_id": "rtb-922e7ee8",
                            "default_security_group_id": "sg-50a9a822",
                            "dhcp_options_id": "dopt-a25880c4",
                            "enable_classiclink": "false",
                            "enable_classiclink_dns_support": "false",
                            "enable_dns_hostnames": "true",
                            "enable_dns_support": "true",
                            "id": "vpc-42ec5f3a",
                            "instance_tenancy": "default",
                            "main_route_table_id": "rtb-922e7ee8",
                            "tags.%": "1",
                            "tags.Name": "Main VPC"
                        },
                        "meta": {
                            "schema_version": "1"
                        },
                        "tainted": false
                    },
                    "deposed": [],
                    "provider": ""
                }
            },
            "depends_on": []
        },
        {
            "path": [
                "root",
                "backend_api"
            ],
            "outputs": {
                "instance_ids": {
                    "sensitive": false,
                    "type": "list",
                    "value": [
                        "i-085bb480cbcdb7532"
                    ]
                }
            },
            "resources": {
                "aws_instance.instance": {
                    "type": "aws_instance",
                    "depends_on": [],
                    "primary": {
                        "id": "i-085bb480cbcdb7532",
                        "attributes": {
                            "ami": "ami-8c1be5f6",
                            "associate_public_ip_address": "true",
                            "availability_zone": "us-east-1f",
                            "disable_api_termination": "false",
                            "ebs_block_device.#": "0",
                            "ebs_optimized": "false",
                            "ephemeral_block_device.#": "0",
                            "iam_instance_profile": "",
                            "id": "i-085bb480cbcdb7532",
                            "instance_state": "running",
                            "instance_type": "t2.micro",
                            "ipv6_addresses.#": "0",
                            "key_name": "levvel",
                            "monitoring": "false",
                            "network_interface.#": "0",
                            "network_interface_id": "eni-af991c0d",
                            "primary_network_interface_id": "eni-af991c0d",
                            "private_dns": "ip-10-0-2-50.ec2.internal",
                            "private_ip": "10.0.2.50",
                            "public_dns": "ec2-34-204-169-214.compute-1.amazonaws.com",
                            "public_ip": "34.204.169.214",
                            "root_block_device.#": "1",
                            "root_block_device.0.delete_on_termination": "true",
                            "root_block_device.0.iops": "0",
                            "root_block_device.0.volume_size": "8",
                            "root_block_device.0.volume_type": "standard",
                            "security_groups.#": "0",
                            "source_dest_check": "true",
                            "subnet_id": "subnet-b980b8b5",
                            "tags.%": "2",
                            "tags.Group": "api",
                            "tags.Name": "levvel-webapi001",
                            "tenancy": "default",
                            "volume_tags.%": "0",
                            "vpc_security_group_ids.#": "1",
                            "vpc_security_group_ids.3760048105": "sg-c6a6a7b4"
                        },
                        "meta": {
                            "e2bfb730-ecaa-11e6-8f88-34363bc7c4c0": {
                                "create": 600000000000,
                                "delete": 600000000000,
                                "update": 600000000000
                            },
                            "schema_version": "1"
                        },
                        "tainted": false
                    },
                    "deposed": [
                        {
                            "id": "i-0de2f9121f5ff5069",
                            "attributes": {
                                "ami": "ami-8c1be5f6",
                                "associate_public_ip_address": "true",
                                "availability_zone": "us-east-1f",
                                "disable_api_termination": "false",
                                "ebs_block_device.#": "0",
                                "ebs_optimized": "false",
                                "ephemeral_block_device.#": "0",
                                "iam_instance_profile": "",
                                "id": "i-0de2f9121f5ff5069",
                                "instance_state": "running",
                                "instance_type": "t2.micro",
                                "ipv6_addresses.#": "0",
                                "key_name": "default",
                                "monitoring": "false",
                                "network_interface.#": "0",
                                "network_interface_id": "eni-7cde5bde",
                                "primary_network_interface_id": "eni-7cde5bde",
                                "private_dns": "ip-10-0-2-154.ec2.internal",
                                "private_ip": "10.0.2.154",
                                "public_dns": "ec2-34-204-191-156.compute-1.amazonaws.com",
                                "public_ip": "34.204.191.156",
                                "root_block_device.#": "1",
                                "root_block_device.0.delete_on_termination": "true",
                                "root_block_device.0.iops": "0",
                                "root_block_device.0.volume_size": "8",
                                "root_block_device.0.volume_type": "standard",
                                "security_groups.#": "0",
                                "source_dest_check": "false",
                                "subnet_id": "subnet-b980b8b5",
                                "tags.%": "2",
                                "tags.Group": "api",
                                "tags.Name": "levvel-web%!d(string=api)%!(EXTRA int=1)",
                                "tenancy": "default",
                                "volume_tags.%": "0",
                                "vpc_security_group_ids.#": "1",
                                "vpc_security_group_ids.3760048105": "sg-c6a6a7b4"
                            },
                            "meta": {
                                "e2bfb730-ecaa-11e6-8f88-34363bc7c4c0": {
                                    "create": 600000000000,
                                    "delete": 600000000000,
                                    "update": 600000000000
                                },
                                "schema_version": "1"
                            },
                            "tainted": true
                        },
                        {
                            "id": "i-0949b0bc93c2e15d4",
                            "attributes": {
                                "ami": "ami-8c1be5f6",
                                "associate_public_ip_address": "true",
                                "availability_zone": "us-east-1f",
                                "disable_api_termination": "false",
                                "ebs_block_device.#": "0",
                                "ebs_optimized": "false",
                                "ephemeral_block_device.#": "0",
                                "iam_instance_profile": "",
                                "id": "i-0949b0bc93c2e15d4",
                                "instance_state": "running",
                                "instance_type": "t2.micro",
                                "ipv6_addresses.#": "0",
                                "key_name": "default",
                                "monitoring": "false",
                                "network_interface.#": "0",
                                "network_interface_id": "eni-85e26727",
                                "primary_network_interface_id": "eni-85e26727",
                                "private_dns": "ip-10-0-2-51.ec2.internal",
                                "private_ip": "10.0.2.51",
                                "public_dns": "ec2-34-237-75-70.compute-1.amazonaws.com",
                                "public_ip": "34.237.75.70",
                                "root_block_device.#": "1",
                                "root_block_device.0.delete_on_termination": "true",
                                "root_block_device.0.iops": "0",
                                "root_block_device.0.volume_size": "8",
                                "root_block_device.0.volume_type": "standard",
                                "security_groups.#": "0",
                                "source_dest_check": "false",
                                "subnet_id": "subnet-b980b8b5",
                                "tags.%": "2",
                                "tags.Group": "api",
                                "tags.Name": "levvel-web%!d(string=api)%!(EXTRA int=1)",
                                "tenancy": "default",
                                "volume_tags.%": "0",
                                "vpc_security_group_ids.#": "1",
                                "vpc_security_group_ids.3760048105": "sg-c6a6a7b4"
                            },
                            "meta": {
                                "e2bfb730-ecaa-11e6-8f88-34363bc7c4c0": {
                                    "create": 600000000000,
                                    "delete": 600000000000,
                                    "update": 600000000000
                                },
                                "schema_version": "1"
                            },
                            "tainted": true
                        },
                        {
                            "id": "i-0d18b64a0c1c7e7f9",
                            "attributes": {
                                "ami": "ami-8c1be5f6",
                                "associate_public_ip_address": "true",
                                "availability_zone": "us-east-1f",
                                "disable_api_termination": "false",
                                "ebs_block_device.#": "0",
                                "ebs_optimized": "false",
                                "ephemeral_block_device.#": "0",
                                "iam_instance_profile": "",
                                "id": "i-0d18b64a0c1c7e7f9",
                                "instance_state": "running",
                                "instance_type": "t2.micro",
                                "ipv6_addresses.#": "0",
                                "key_name": "levvel",
                                "monitoring": "false",
                                "network_interface.#": "0",
                                "network_interface_id": "eni-59f570fb",
                                "primary_network_interface_id": "eni-59f570fb",
                                "private_dns": "ip-10-0-2-160.ec2.internal",
                                "private_ip": "10.0.2.160",
                                "public_dns": "ec2-34-231-71-84.compute-1.amazonaws.com",
                                "public_ip": "34.231.71.84",
                                "root_block_device.#": "1",
                                "root_block_device.0.delete_on_termination": "true",
                                "root_block_device.0.iops": "0",
                                "root_block_device.0.volume_size": "8",
                                "root_block_device.0.volume_type": "standard",
                                "security_groups.#": "0",
                                "source_dest_check": "true",
                                "subnet_id": "subnet-b980b8b5",
                                "tags.%": "2",
                                "tags.Group": "api",
                                "tags.Name": "levvel-web%!(EXTRA string=var.group_name-%03d, int=1)",
                                "tenancy": "default",
                                "volume_tags.%": "0",
                                "vpc_security_group_ids.#": "1",
                                "vpc_security_group_ids.3760048105": "sg-c6a6a7b4"
                            },
                            "meta": {
                                "e2bfb730-ecaa-11e6-8f88-34363bc7c4c0": {
                                    "create": 600000000000,
                                    "delete": 600000000000,
                                    "update": 600000000000
                                },
                                "schema_version": "1"
                            },
                            "tainted": true
                        },
                        {
                            "id": "i-04e2a76e6ad464557",
                            "attributes": {
                                "ami": "ami-8c1be5f6",
                                "associate_public_ip_address": "true",
                                "availability_zone": "us-east-1f",
                                "disable_api_termination": "false",
                                "ebs_block_device.#": "0",
                                "ebs_optimized": "false",
                                "ephemeral_block_device.#": "0",
                                "iam_instance_profile": "",
                                "id": "i-04e2a76e6ad464557",
                                "instance_state": "running",
                                "instance_type": "t2.micro",
                                "ipv6_addresses.#": "0",
                                "key_name": "levvel",
                                "monitoring": "false",
                                "network_interface.#": "0",
                                "network_interface_id": "eni-74fc79d6",
                                "primary_network_interface_id": "eni-74fc79d6",
                                "private_dns": "ip-10-0-2-144.ec2.internal",
                                "private_ip": "10.0.2.144",
                                "public_dns": "ec2-34-204-199-159.compute-1.amazonaws.com",
                                "public_ip": "34.204.199.159",
                                "root_block_device.#": "1",
                                "root_block_device.0.delete_on_termination": "true",
                                "root_block_device.0.iops": "0",
                                "root_block_device.0.volume_size": "8",
                                "root_block_device.0.volume_type": "standard",
                                "security_groups.#": "0",
                                "source_dest_check": "true",
                                "subnet_id": "subnet-b980b8b5",
                                "tags.%": "2",
                                "tags.Group": "api",
                                "tags.Name": "levvel-webapi001",
                                "tenancy": "default",
                                "volume_tags.%": "0",
                                "vpc_security_group_ids.#": "1",
                                "vpc_security_group_ids.3760048105": "sg-c6a6a7b4"
                            },
                            "meta": {
                                "e2bfb730-ecaa-11e6-8f88-34363bc7c4c0": {
                                    "create": 600000000000,
                                    "delete": 600000000000,
                                    "update": 600000000000
                                },
                                "schema_version": "1"
                            },
                            "tainted": true
                        },
                        {
                            "id": "i-0ced3fb70491144ed",
                            "attributes": {
                                "ami": "ami-8c1be5f6",
                                "associate_public_ip_address": "true",
                                "availability_zone": "us-east-1f",
                                "disable_api_termination": "false",
                                "ebs_block_device.#": "0",
                                "ebs_optimized": "false",
                                "ephemeral_block_device.#": "0",
                                "iam_instance_profile": "",
                                "id": "i-0ced3fb70491144ed",
                                "instance_state": "running",
                                "instance_type": "t2.micro",
                                "ipv6_addresses.#": "0",
                                "key_name": "levvel",
                                "monitoring": "false",
                                "network_interface.#": "0",
                                "network_interface_id": "eni-da830678",
                                "primary_network_interface_id": "eni-da830678",
                                "private_dns": "ip-10-0-2-78.ec2.internal",
                                "private_ip": "10.0.2.78",
                                "public_dns": "ec2-34-204-178-154.compute-1.amazonaws.com",
                                "public_ip": "34.204.178.154",
                                "root_block_device.#": "1",
                                "root_block_device.0.delete_on_termination": "true",
                                "root_block_device.0.iops": "0",
                                "root_block_device.0.volume_size": "8",
                                "root_block_device.0.volume_type": "standard",
                                "security_groups.#": "0",
                                "source_dest_check": "true",
                                "subnet_id": "subnet-b980b8b5",
                                "tags.%": "2",
                                "tags.Group": "api",
                                "tags.Name": "levvel-webapi%!-(int=001)d",
                                "tenancy": "default",
                                "volume_tags.%": "0",
                                "vpc_security_group_ids.#": "1",
                                "vpc_security_group_ids.3760048105": "sg-c6a6a7b4"
                            },
                            "meta": {
                                "e2bfb730-ecaa-11e6-8f88-34363bc7c4c0": {
                                    "create": 600000000000,
                                    "delete": 600000000000,
                                    "update": 600000000000
                                },
                                "schema_version": "1"
                            },
                            "tainted": true
                        },
                        {
                            "id": "i-0d81a7dd4c2aa9025",
                            "attributes": {
                                "ami": "ami-8c1be5f6",
                                "associate_public_ip_address": "true",
                                "availability_zone": "us-east-1f",
                                "disable_api_termination": "false",
                                "ebs_block_device.#": "0",
                                "ebs_optimized": "false",
                                "ephemeral_block_device.#": "0",
                                "iam_instance_profile": "",
                                "id": "i-0d81a7dd4c2aa9025",
                                "instance_state": "running",
                                "instance_type": "t2.micro",
                                "ipv6_addresses.#": "0",
                                "key_name": "levvel",
                                "monitoring": "false",
                                "network_interface.#": "0",
                                "network_interface_id": "eni-b1860313",
                                "primary_network_interface_id": "eni-b1860313",
                                "private_dns": "ip-10-0-2-75.ec2.internal",
                                "private_ip": "10.0.2.75",
                                "public_dns": "ec2-34-236-170-236.compute-1.amazonaws.com",
                                "public_ip": "34.236.170.236",
                                "root_block_device.#": "1",
                                "root_block_device.0.delete_on_termination": "true",
                                "root_block_device.0.iops": "0",
                                "root_block_device.0.volume_size": "8",
                                "root_block_device.0.volume_type": "standard",
                                "security_groups.#": "0",
                                "source_dest_check": "true",
                                "subnet_id": "subnet-b980b8b5",
                                "tags.%": "2",
                                "tags.Group": "api",
                                "tags.Name": "levvel-webapi001",
                                "tenancy": "default",
                                "volume_tags.%": "0",
                                "vpc_security_group_ids.#": "1",
                                "vpc_security_group_ids.3760048105": "sg-c6a6a7b4"
                            },
                            "meta": {
                                "e2bfb730-ecaa-11e6-8f88-34363bc7c4c0": {
                                    "create": 600000000000,
                                    "delete": 600000000000,
                                    "update": 600000000000
                                },
                                "schema_version": "1"
                            },
                            "tainted": true
                        }
                    ],
                    "provider": ""
                },
                "aws_instance.instance.1": {
                    "type": "aws_instance",
                    "depends_on": [],
                    "primary": {
                        "id": "",
                        "attributes": {},
                        "meta": {},
                        "tainted": false
                    },
                    "deposed": [
                        {
                            "id": "i-0001b24deef3d832d",
                            "attributes": {
                                "ami": "ami-8c1be5f6",
                                "associate_public_ip_address": "true",
                                "availability_zone": "us-east-1f",
                                "disable_api_termination": "false",
                                "ebs_block_device.#": "0",
                                "ebs_optimized": "false",
                                "ephemeral_block_device.#": "0",
                                "iam_instance_profile": "",
                                "id": "i-0001b24deef3d832d",
                                "instance_state": "running",
                                "instance_type": "t2.micro",
                                "ipv6_addresses.#": "0",
                                "key_name": "default",
                                "monitoring": "false",
                                "network_interface.#": "0",
                                "network_interface_id": "eni-23e76281",
                                "primary_network_interface_id": "eni-23e76281",
                                "private_dns": "ip-10-0-2-218.ec2.internal",
                                "private_ip": "10.0.2.218",
                                "public_dns": "ec2-34-231-20-194.compute-1.amazonaws.com",
                                "public_ip": "34.231.20.194",
                                "root_block_device.#": "1",
                                "root_block_device.0.delete_on_termination": "true",
                                "root_block_device.0.iops": "0",
                                "root_block_device.0.volume_size": "8",
                                "root_block_device.0.volume_type": "standard",
                                "security_groups.#": "0",
                                "source_dest_check": "false",
                                "subnet_id": "subnet-b980b8b5",
                                "tags.%": "2",
                                "tags.Group": "api",
                                "tags.Name": "levvel-web%!d(string=api)%!(EXTRA int=2)",
                                "tenancy": "default",
                                "volume_tags.%": "0",
                                "vpc_security_group_ids.#": "1",
                                "vpc_security_group_ids.3760048105": "sg-c6a6a7b4"
                            },
                            "meta": {
                                "e2bfb730-ecaa-11e6-8f88-34363bc7c4c0": {
                                    "create": 600000000000,
                                    "delete": 600000000000,
                                    "update": 600000000000
                                },
                                "schema_version": "1"
                            },
                            "tainted": true
                        },
                        {
                            "id": "i-05dcb2809fb0c9994",
                            "attributes": {
                                "ami": "ami-8c1be5f6",
                                "associate_public_ip_address": "true",
                                "availability_zone": "us-east-1f",
                                "disable_api_termination": "false",
                                "ebs_block_device.#": "0",
                                "ebs_optimized": "false",
                                "ephemeral_block_device.#": "0",
                                "iam_instance_profile": "",
                                "id": "i-05dcb2809fb0c9994",
                                "instance_state": "running",
                                "instance_type": "t2.micro",
                                "ipv6_addresses.#": "0",
                                "key_name": "default",
                                "monitoring": "false",
                                "network_interface.#": "0",
                                "network_interface_id": "eni-24e26786",
                                "primary_network_interface_id": "eni-24e26786",
                                "private_dns": "ip-10-0-2-55.ec2.internal",
                                "private_ip": "10.0.2.55",
                                "public_dns": "ec2-34-204-166-248.compute-1.amazonaws.com",
                                "public_ip": "34.204.166.248",
                                "root_block_device.#": "1",
                                "root_block_device.0.delete_on_termination": "true",
                                "root_block_device.0.iops": "0",
                                "root_block_device.0.volume_size": "8",
                                "root_block_device.0.volume_type": "standard",
                                "security_groups.#": "0",
                                "source_dest_check": "false",
                                "subnet_id": "subnet-b980b8b5",
                                "tags.%": "2",
                                "tags.Group": "api",
                                "tags.Name": "levvel-web%!d(string=api)%!(EXTRA int=2)",
                                "tenancy": "default",
                                "volume_tags.%": "0",
                                "vpc_security_group_ids.#": "1",
                                "vpc_security_group_ids.3760048105": "sg-c6a6a7b4"
                            },
                            "meta": {
                                "e2bfb730-ecaa-11e6-8f88-34363bc7c4c0": {
                                    "create": 600000000000,
                                    "delete": 600000000000,
                                    "update": 600000000000
                                },
                                "schema_version": "1"
                            },
                            "tainted": true
                        }
                    ],
                    "provider": ""
                }
            },
            "depends_on": []
        },
        {
            "path": [
                "root",
                "backend_worker"
            ],
            "outputs": {
                "instance_ids": {
                    "sensitive": false,
                    "type": "list",
                    "value": [
                        "i-0ac44da2347862f57"
                    ]
                }
            },
            "resources": {
                "aws_instance.instance": {
                    "type": "aws_instance",
                    "depends_on": [],
                    "primary": {
                        "id": "i-0ac44da2347862f57",
                        "attributes": {
                            "ami": "ami-8c1be5f6",
                            "associate_public_ip_address": "true",
                            "availability_zone": "us-east-1f",
                            "disable_api_termination": "false",
                            "ebs_block_device.#": "0",
                            "ebs_optimized": "false",
                            "ephemeral_block_device.#": "0",
                            "iam_instance_profile": "",
                            "id": "i-0ac44da2347862f57",
                            "instance_state": "running",
                            "instance_type": "t2.micro",
                            "ipv6_addresses.#": "0",
                            "key_name": "levvel",
                            "monitoring": "false",
                            "network_interface.#": "0",
                            "network_interface_id": "eni-fe981d5c",
                            "primary_network_interface_id": "eni-fe981d5c",
                            "private_dns": "ip-10-0-2-204.ec2.internal",
                            "private_ip": "10.0.2.204",
                            "public_dns": "ec2-34-226-244-240.compute-1.amazonaws.com",
                            "public_ip": "34.226.244.240",
                            "root_block_device.#": "1",
                            "root_block_device.0.delete_on_termination": "true",
                            "root_block_device.0.iops": "0",
                            "root_block_device.0.volume_size": "8",
                            "root_block_device.0.volume_type": "standard",
                            "security_groups.#": "0",
                            "source_dest_check": "true",
                            "subnet_id": "subnet-b980b8b5",
                            "tags.%": "2",
                            "tags.Group": "worker",
                            "tags.Name": "levvel-webworker001",
                            "tenancy": "default",
                            "volume_tags.%": "0",
                            "vpc_security_group_ids.#": "1",
                            "vpc_security_group_ids.3760048105": "sg-c6a6a7b4"
                        },
                        "meta": {
                            "e2bfb730-ecaa-11e6-8f88-34363bc7c4c0": {
                                "create": 600000000000,
                                "delete": 600000000000,
                                "update": 600000000000
                            },
                            "schema_version": "1"
                        },
                        "tainted": false
                    },
                    "deposed": [
                        {
                            "id": "i-0d428a7eb19b9f6b0",
                            "attributes": {
                                "ami": "ami-8c1be5f6",
                                "associate_public_ip_address": "true",
                                "availability_zone": "us-east-1f",
                                "disable_api_termination": "false",
                                "ebs_block_device.#": "0",
                                "ebs_optimized": "false",
                                "ephemeral_block_device.#": "0",
                                "iam_instance_profile": "",
                                "id": "i-0d428a7eb19b9f6b0",
                                "instance_state": "running",
                                "instance_type": "t2.micro",
                                "ipv6_addresses.#": "0",
                                "key_name": "default",
                                "monitoring": "false",
                                "network_interface.#": "0",
                                "network_interface_id": "eni-bee96c1c",
                                "primary_network_interface_id": "eni-bee96c1c",
                                "private_dns": "ip-10-0-2-61.ec2.internal",
                                "private_ip": "10.0.2.61",
                                "public_dns": "ec2-34-231-20-78.compute-1.amazonaws.com",
                                "public_ip": "34.231.20.78",
                                "root_block_device.#": "1",
                                "root_block_device.0.delete_on_termination": "true",
                                "root_block_device.0.iops": "0",
                                "root_block_device.0.volume_size": "8",
                                "root_block_device.0.volume_type": "standard",
                                "security_groups.#": "0",
                                "source_dest_check": "false",
                                "subnet_id": "subnet-b980b8b5",
                                "tags.%": "2",
                                "tags.Group": "worker",
                                "tags.Name": "levvel-web%!d(string=worker)%!(EXTRA int=1)",
                                "tenancy": "default",
                                "volume_tags.%": "0",
                                "vpc_security_group_ids.#": "1",
                                "vpc_security_group_ids.3760048105": "sg-c6a6a7b4"
                            },
                            "meta": {
                                "e2bfb730-ecaa-11e6-8f88-34363bc7c4c0": {
                                    "create": 600000000000,
                                    "delete": 600000000000,
                                    "update": 600000000000
                                },
                                "schema_version": "1"
                            },
                            "tainted": true
                        },
                        {
                            "id": "i-061ff843adb7b2c86",
                            "attributes": {
                                "ami": "ami-8c1be5f6",
                                "associate_public_ip_address": "true",
                                "availability_zone": "us-east-1f",
                                "disable_api_termination": "false",
                                "ebs_block_device.#": "0",
                                "ebs_optimized": "false",
                                "ephemeral_block_device.#": "0",
                                "iam_instance_profile": "",
                                "id": "i-061ff843adb7b2c86",
                                "instance_state": "running",
                                "instance_type": "t2.micro",
                                "ipv6_addresses.#": "0",
                                "key_name": "levvel",
                                "monitoring": "false",
                                "network_interface.#": "0",
                                "network_interface_id": "eni-37f57095",
                                "primary_network_interface_id": "eni-37f57095",
                                "private_dns": "ip-10-0-2-55.ec2.internal",
                                "private_ip": "10.0.2.55",
                                "public_dns": "ec2-34-236-187-149.compute-1.amazonaws.com",
                                "public_ip": "34.236.187.149",
                                "root_block_device.#": "1",
                                "root_block_device.0.delete_on_termination": "true",
                                "root_block_device.0.iops": "0",
                                "root_block_device.0.volume_size": "8",
                                "root_block_device.0.volume_type": "standard",
                                "security_groups.#": "0",
                                "source_dest_check": "true",
                                "subnet_id": "subnet-b980b8b5",
                                "tags.%": "2",
                                "tags.Group": "worker",
                                "tags.Name": "levvel-web%!(EXTRA string=var.group_name-%03d, int=1)",
                                "tenancy": "default",
                                "volume_tags.%": "0",
                                "vpc_security_group_ids.#": "1",
                                "vpc_security_group_ids.3760048105": "sg-c6a6a7b4"
                            },
                            "meta": {
                                "e2bfb730-ecaa-11e6-8f88-34363bc7c4c0": {
                                    "create": 600000000000,
                                    "delete": 600000000000,
                                    "update": 600000000000
                                },
                                "schema_version": "1"
                            },
                            "tainted": true
                        },
                        {
                            "id": "i-04408647d9742b5b3",
                            "attributes": {
                                "ami": "ami-8c1be5f6",
                                "associate_public_ip_address": "true",
                                "availability_zone": "us-east-1f",
                                "disable_api_termination": "false",
                                "ebs_block_device.#": "0",
                                "ebs_optimized": "false",
                                "ephemeral_block_device.#": "0",
                                "iam_instance_profile": "",
                                "id": "i-04408647d9742b5b3",
                                "instance_state": "running",
                                "instance_type": "t2.micro",
                                "ipv6_addresses.#": "0",
                                "key_name": "levvel",
                                "monitoring": "false",
                                "network_interface.#": "0",
                                "network_interface_id": "eni-b0fe7b12",
                                "primary_network_interface_id": "eni-b0fe7b12",
                                "private_dns": "ip-10-0-2-187.ec2.internal",
                                "private_ip": "10.0.2.187",
                                "public_dns": "ec2-34-204-169-127.compute-1.amazonaws.com",
                                "public_ip": "34.204.169.127",
                                "root_block_device.#": "1",
                                "root_block_device.0.delete_on_termination": "true",
                                "root_block_device.0.iops": "0",
                                "root_block_device.0.volume_size": "8",
                                "root_block_device.0.volume_type": "standard",
                                "security_groups.#": "0",
                                "source_dest_check": "true",
                                "subnet_id": "subnet-b980b8b5",
                                "tags.%": "2",
                                "tags.Group": "worker",
                                "tags.Name": "levvel-webworker001",
                                "tenancy": "default",
                                "volume_tags.%": "0",
                                "vpc_security_group_ids.#": "1",
                                "vpc_security_group_ids.3760048105": "sg-c6a6a7b4"
                            },
                            "meta": {
                                "e2bfb730-ecaa-11e6-8f88-34363bc7c4c0": {
                                    "create": 600000000000,
                                    "delete": 600000000000,
                                    "update": 600000000000
                                },
                                "schema_version": "1"
                            },
                            "tainted": true
                        },
                        {
                            "id": "i-00538c56ea6797b3b",
                            "attributes": {
                                "ami": "ami-8c1be5f6",
                                "associate_public_ip_address": "true",
                                "availability_zone": "us-east-1f",
                                "disable_api_termination": "false",
                                "ebs_block_device.#": "0",
                                "ebs_optimized": "false",
                                "ephemeral_block_device.#": "0",
                                "iam_instance_profile": "",
                                "id": "i-00538c56ea6797b3b",
                                "instance_state": "running",
                                "instance_type": "t2.micro",
                                "ipv6_addresses.#": "0",
                                "key_name": "levvel",
                                "monitoring": "false",
                                "network_interface.#": "0",
                                "network_interface_id": "eni-458104e7",
                                "primary_network_interface_id": "eni-458104e7",
                                "private_dns": "ip-10-0-2-142.ec2.internal",
                                "private_ip": "10.0.2.142",
                                "public_dns": "ec2-34-236-38-93.compute-1.amazonaws.com",
                                "public_ip": "34.236.38.93",
                                "root_block_device.#": "1",
                                "root_block_device.0.delete_on_termination": "true",
                                "root_block_device.0.iops": "0",
                                "root_block_device.0.volume_size": "8",
                                "root_block_device.0.volume_type": "standard",
                                "security_groups.#": "0",
                                "source_dest_check": "true",
                                "subnet_id": "subnet-b980b8b5",
                                "tags.%": "2",
                                "tags.Group": "worker",
                                "tags.Name": "levvel-webworker%!-(int=001)d",
                                "tenancy": "default",
                                "volume_tags.%": "0",
                                "vpc_security_group_ids.#": "1",
                                "vpc_security_group_ids.3760048105": "sg-c6a6a7b4"
                            },
                            "meta": {
                                "e2bfb730-ecaa-11e6-8f88-34363bc7c4c0": {
                                    "create": 600000000000,
                                    "delete": 600000000000,
                                    "update": 600000000000
                                },
                                "schema_version": "1"
                            },
                            "tainted": true
                        },
                        {
                            "id": "i-012e8c9a1238db183",
                            "attributes": {
                                "ami": "ami-8c1be5f6",
                                "associate_public_ip_address": "true",
                                "availability_zone": "us-east-1f",
                                "disable_api_termination": "false",
                                "ebs_block_device.#": "0",
                                "ebs_optimized": "false",
                                "ephemeral_block_device.#": "0",
                                "iam_instance_profile": "",
                                "id": "i-012e8c9a1238db183",
                                "instance_state": "running",
                                "instance_type": "t2.micro",
                                "ipv6_addresses.#": "0",
                                "key_name": "levvel",
                                "monitoring": "false",
                                "network_interface.#": "0",
                                "network_interface_id": "eni-6d8005cf",
                                "primary_network_interface_id": "eni-6d8005cf",
                                "private_dns": "ip-10-0-2-227.ec2.internal",
                                "private_ip": "10.0.2.227",
                                "public_dns": "ec2-34-229-65-86.compute-1.amazonaws.com",
                                "public_ip": "34.229.65.86",
                                "root_block_device.#": "1",
                                "root_block_device.0.delete_on_termination": "true",
                                "root_block_device.0.iops": "0",
                                "root_block_device.0.volume_size": "8",
                                "root_block_device.0.volume_type": "standard",
                                "security_groups.#": "0",
                                "source_dest_check": "true",
                                "subnet_id": "subnet-b980b8b5",
                                "tags.%": "2",
                                "tags.Group": "worker",
                                "tags.Name": "levvel-webworker001",
                                "tenancy": "default",
                                "volume_tags.%": "0",
                                "vpc_security_group_ids.#": "1",
                                "vpc_security_group_ids.3760048105": "sg-c6a6a7b4"
                            },
                            "meta": {
                                "e2bfb730-ecaa-11e6-8f88-34363bc7c4c0": {
                                    "create": 600000000000,
                                    "delete": 600000000000,
                                    "update": 600000000000
                                },
                                "schema_version": "1"
                            },
                            "tainted": true
                        },
                        {
                            "id": "i-0a0ee4c4c43ee9265",
                            "attributes": {
                                "ami": "ami-8c1be5f6",
                                "associate_public_ip_address": "true",
                                "availability_zone": "us-east-1f",
                                "disable_api_termination": "false",
                                "ebs_block_device.#": "0",
                                "ebs_optimized": "false",
                                "ephemeral_block_device.#": "0",
                                "iam_instance_profile": "",
                                "id": "i-0a0ee4c4c43ee9265",
                                "instance_state": "running",
                                "instance_type": "t2.micro",
                                "ipv6_addresses.#": "0",
                                "key_name": "levvel",
                                "monitoring": "false",
                                "network_interface.#": "0",
                                "network_interface_id": "eni-028c09a0",
                                "primary_network_interface_id": "eni-028c09a0",
                                "private_dns": "ip-10-0-2-79.ec2.internal",
                                "private_ip": "10.0.2.79",
                                "public_dns": "ec2-34-204-172-215.compute-1.amazonaws.com",
                                "public_ip": "34.204.172.215",
                                "root_block_device.#": "1",
                                "root_block_device.0.delete_on_termination": "true",
                                "root_block_device.0.iops": "0",
                                "root_block_device.0.volume_size": "8",
                                "root_block_device.0.volume_type": "standard",
                                "security_groups.#": "0",
                                "source_dest_check": "true",
                                "subnet_id": "subnet-b980b8b5",
                                "tags.%": "2",
                                "tags.Group": "worker",
                                "tags.Name": "levvel-webworker001",
                                "tenancy": "default",
                                "volume_tags.%": "0",
                                "vpc_security_group_ids.#": "1",
                                "vpc_security_group_ids.3760048105": "sg-c6a6a7b4"
                            },
                            "meta": {
                                "e2bfb730-ecaa-11e6-8f88-34363bc7c4c0": {
                                    "create": 600000000000,
                                    "delete": 600000000000,
                                    "update": 600000000000
                                },
                                "schema_version": "1"
                            },
                            "tainted": true
                        }
                    ],
                    "provider": ""
                },
                "aws_instance.instance.1": {
                    "type": "aws_instance",
                    "depends_on": [],
                    "primary": {
                        "id": "",
                        "attributes": {},
                        "meta": {},
                        "tainted": false
                    },
                    "deposed": [
                        {
                            "id": "i-0f879d280b4823627",
                            "attributes": {
                                "ami": "ami-8c1be5f6",
                                "associate_public_ip_address": "true",
                                "availability_zone": "us-east-1f",
                                "disable_api_termination": "false",
                                "ebs_block_device.#": "0",
                                "ebs_optimized": "false",
                                "ephemeral_block_device.#": "0",
                                "iam_instance_profile": "",
                                "id": "i-0f879d280b4823627",
                                "instance_state": "running",
                                "instance_type": "t2.micro",
                                "ipv6_addresses.#": "0",
                                "key_name": "default",
                                "monitoring": "false",
                                "network_interface.#": "0",
                                "network_interface_id": "eni-25e26787",
                                "primary_network_interface_id": "eni-25e26787",
                                "private_dns": "ip-10-0-2-245.ec2.internal",
                                "private_ip": "10.0.2.245",
                                "public_dns": "ec2-34-204-194-117.compute-1.amazonaws.com",
                                "public_ip": "34.204.194.117",
                                "root_block_device.#": "1",
                                "root_block_device.0.delete_on_termination": "true",
                                "root_block_device.0.iops": "0",
                                "root_block_device.0.volume_size": "8",
                                "root_block_device.0.volume_type": "standard",
                                "security_groups.#": "0",
                                "source_dest_check": "false",
                                "subnet_id": "subnet-b980b8b5",
                                "tags.%": "2",
                                "tags.Group": "worker",
                                "tags.Name": "levvel-web%!d(string=worker)%!(EXTRA int=2)",
                                "tenancy": "default",
                                "volume_tags.%": "0",
                                "vpc_security_group_ids.#": "1",
                                "vpc_security_group_ids.3760048105": "sg-c6a6a7b4"
                            },
                            "meta": {
                                "e2bfb730-ecaa-11e6-8f88-34363bc7c4c0": {
                                    "create": 600000000000,
                                    "delete": 600000000000,
                                    "update": 600000000000
                                },
                                "schema_version": "1"
                            },
                            "tainted": true
                        }
                    ],
                    "provider": ""
                }
            },
            "depends_on": []
        },
        {
            "path": [
                "root",
                "db_mysql"
            ],
            "outputs": {
                "instance_ids": {
                    "sensitive": false,
                    "type": "list",
                    "value": [
                        "i-019966d8ca5369bd6"
                    ]
                }
            },
            "resources": {
                "aws_instance.instance": {
                    "type": "aws_instance",
                    "depends_on": [],
                    "primary": {
                        "id": "i-019966d8ca5369bd6",
                        "attributes": {
                            "ami": "ami-8c1be5f6",
                            "associate_public_ip_address": "true",
                            "availability_zone": "us-east-1f",
                            "disable_api_termination": "false",
                            "ebs_block_device.#": "0",
                            "ebs_optimized": "false",
                            "ephemeral_block_device.#": "0",
                            "iam_instance_profile": "",
                            "id": "i-019966d8ca5369bd6",
                            "instance_state": "running",
                            "instance_type": "t2.micro",
                            "ipv6_addresses.#": "0",
                            "key_name": "levvel",
                            "monitoring": "false",
                            "network_interface.#": "0",
                            "network_interface_id": "eni-229f1a80",
                            "primary_network_interface_id": "eni-229f1a80",
                            "private_dns": "ip-10-0-2-125.ec2.internal",
                            "private_ip": "10.0.2.125",
                            "public_dns": "ec2-34-204-196-246.compute-1.amazonaws.com",
                            "public_ip": "34.204.196.246",
                            "root_block_device.#": "1",
                            "root_block_device.0.delete_on_termination": "true",
                            "root_block_device.0.iops": "0",
                            "root_block_device.0.volume_size": "8",
                            "root_block_device.0.volume_type": "standard",
                            "security_groups.#": "0",
                            "source_dest_check": "true",
                            "subnet_id": "subnet-b980b8b5",
                            "tags.%": "2",
                            "tags.Group": "mysql",
                            "tags.Name": "levvel-webmysql001",
                            "tenancy": "default",
                            "volume_tags.%": "0",
                            "vpc_security_group_ids.#": "1",
                            "vpc_security_group_ids.3760048105": "sg-c6a6a7b4"
                        },
                        "meta": {
                            "e2bfb730-ecaa-11e6-8f88-34363bc7c4c0": {
                                "create": 600000000000,
                                "delete": 600000000000,
                                "update": 600000000000
                            },
                            "schema_version": "1"
                        },
                        "tainted": false
                    },
                    "deposed": [
                        {
                            "id": "i-07bb72bdfa00bd4c0",
                            "attributes": {
                                "ami": "ami-8c1be5f6",
                                "associate_public_ip_address": "true",
                                "availability_zone": "us-east-1f",
                                "disable_api_termination": "false",
                                "ebs_block_device.#": "0",
                                "ebs_optimized": "false",
                                "ephemeral_block_device.#": "0",
                                "iam_instance_profile": "",
                                "id": "i-07bb72bdfa00bd4c0",
                                "instance_state": "running",
                                "instance_type": "t2.micro",
                                "ipv6_addresses.#": "0",
                                "key_name": "default",
                                "monitoring": "false",
                                "network_interface.#": "0",
                                "network_interface_id": "eni-e0e86d42",
                                "primary_network_interface_id": "eni-e0e86d42",
                                "private_dns": "ip-10-0-2-59.ec2.internal",
                                "private_ip": "10.0.2.59",
                                "public_dns": "ec2-34-204-187-143.compute-1.amazonaws.com",
                                "public_ip": "34.204.187.143",
                                "root_block_device.#": "1",
                                "root_block_device.0.delete_on_termination": "true",
                                "root_block_device.0.iops": "0",
                                "root_block_device.0.volume_size": "30",
                                "root_block_device.0.volume_type": "standard",
                                "security_groups.#": "0",
                                "source_dest_check": "false",
                                "subnet_id": "subnet-b980b8b5",
                                "tags.%": "2",
                                "tags.Group": "mysql",
                                "tags.Name": "levvel-web%!d(string=mysql)%!(EXTRA int=1)",
                                "tenancy": "default",
                                "volume_tags.%": "0",
                                "vpc_security_group_ids.#": "1",
                                "vpc_security_group_ids.3760048105": "sg-c6a6a7b4"
                            },
                            "meta": {
                                "e2bfb730-ecaa-11e6-8f88-34363bc7c4c0": {
                                    "create": 600000000000,
                                    "delete": 600000000000,
                                    "update": 600000000000
                                },
                                "schema_version": "1"
                            },
                            "tainted": true
                        },
                        {
                            "id": "i-04900fbf11ecf969f",
                            "attributes": {
                                "ami": "ami-8c1be5f6",
                                "associate_public_ip_address": "true",
                                "availability_zone": "us-east-1f",
                                "disable_api_termination": "false",
                                "ebs_block_device.#": "0",
                                "ebs_optimized": "false",
                                "ephemeral_block_device.#": "0",
                                "iam_instance_profile": "",
                                "id": "i-04900fbf11ecf969f",
                                "instance_state": "running",
                                "instance_type": "t2.micro",
                                "ipv6_addresses.#": "0",
                                "key_name": "levvel",
                                "monitoring": "false",
                                "network_interface.#": "0",
                                "network_interface_id": "eni-64f471c6",
                                "primary_network_interface_id": "eni-64f471c6",
                                "private_dns": "ip-10-0-2-147.ec2.internal",
                                "private_ip": "10.0.2.147",
                                "public_dns": "ec2-34-237-53-246.compute-1.amazonaws.com",
                                "public_ip": "34.237.53.246",
                                "root_block_device.#": "1",
                                "root_block_device.0.delete_on_termination": "true",
                                "root_block_device.0.iops": "0",
                                "root_block_device.0.volume_size": "8",
                                "root_block_device.0.volume_type": "standard",
                                "security_groups.#": "0",
                                "source_dest_check": "true",
                                "subnet_id": "subnet-b980b8b5",
                                "tags.%": "2",
                                "tags.Group": "mysql",
                                "tags.Name": "levvel-web%!(EXTRA string=var.group_name-%03d, int=1)",
                                "tenancy": "default",
                                "volume_tags.%": "0",
                                "vpc_security_group_ids.#": "1",
                                "vpc_security_group_ids.3760048105": "sg-c6a6a7b4"
                            },
                            "meta": {
                                "e2bfb730-ecaa-11e6-8f88-34363bc7c4c0": {
                                    "create": 600000000000,
                                    "delete": 600000000000,
                                    "update": 600000000000
                                },
                                "schema_version": "1"
                            },
                            "tainted": true
                        },
                        {
                            "id": "i-0378575ed6bb8455b",
                            "attributes": {
                                "ami": "ami-8c1be5f6",
                                "associate_public_ip_address": "true",
                                "availability_zone": "us-east-1f",
                                "disable_api_termination": "false",
                                "ebs_block_device.#": "0",
                                "ebs_optimized": "false",
                                "ephemeral_block_device.#": "0",
                                "iam_instance_profile": "",
                                "id": "i-0378575ed6bb8455b",
                                "instance_state": "running",
                                "instance_type": "t2.micro",
                                "ipv6_addresses.#": "0",
                                "key_name": "levvel",
                                "monitoring": "false",
                                "network_interface.#": "0",
                                "network_interface_id": "eni-c2f37660",
                                "primary_network_interface_id": "eni-c2f37660",
                                "private_dns": "ip-10-0-2-5.ec2.internal",
                                "private_ip": "10.0.2.5",
                                "public_dns": "ec2-34-238-192-19.compute-1.amazonaws.com",
                                "public_ip": "34.238.192.19",
                                "root_block_device.#": "1",
                                "root_block_device.0.delete_on_termination": "true",
                                "root_block_device.0.iops": "0",
                                "root_block_device.0.volume_size": "8",
                                "root_block_device.0.volume_type": "standard",
                                "security_groups.#": "0",
                                "source_dest_check": "true",
                                "subnet_id": "subnet-b980b8b5",
                                "tags.%": "2",
                                "tags.Group": "mysql",
                                "tags.Name": "levvel-webmysql001",
                                "tenancy": "default",
                                "volume_tags.%": "0",
                                "vpc_security_group_ids.#": "1",
                                "vpc_security_group_ids.3760048105": "sg-c6a6a7b4"
                            },
                            "meta": {
                                "e2bfb730-ecaa-11e6-8f88-34363bc7c4c0": {
                                    "create": 600000000000,
                                    "delete": 600000000000,
                                    "update": 600000000000
                                },
                                "schema_version": "1"
                            },
                            "tainted": true
                        },
                        {
                            "id": "i-096f3cb2bd3b18c6e",
                            "attributes": {
                                "ami": "ami-8c1be5f6",
                                "associate_public_ip_address": "true",
                                "availability_zone": "us-east-1f",
                                "disable_api_termination": "false",
                                "ebs_block_device.#": "0",
                                "ebs_optimized": "false",
                                "ephemeral_block_device.#": "0",
                                "iam_instance_profile": "",
                                "id": "i-096f3cb2bd3b18c6e",
                                "instance_state": "running",
                                "instance_type": "t2.micro",
                                "ipv6_addresses.#": "0",
                                "key_name": "levvel",
                                "monitoring": "false",
                                "network_interface.#": "0",
                                "network_interface_id": "eni-128005b0",
                                "primary_network_interface_id": "eni-128005b0",
                                "private_dns": "ip-10-0-2-141.ec2.internal",
                                "private_ip": "10.0.2.141",
                                "public_dns": "ec2-34-231-244-10.compute-1.amazonaws.com",
                                "public_ip": "34.231.244.10",
                                "root_block_device.#": "1",
                                "root_block_device.0.delete_on_termination": "true",
                                "root_block_device.0.iops": "0",
                                "root_block_device.0.volume_size": "8",
                                "root_block_device.0.volume_type": "standard",
                                "security_groups.#": "0",
                                "source_dest_check": "true",
                                "subnet_id": "subnet-b980b8b5",
                                "tags.%": "2",
                                "tags.Group": "mysql",
                                "tags.Name": "levvel-webmysql%!-(int=001)d",
                                "tenancy": "default",
                                "volume_tags.%": "0",
                                "vpc_security_group_ids.#": "1",
                                "vpc_security_group_ids.3760048105": "sg-c6a6a7b4"
                            },
                            "meta": {
                                "e2bfb730-ecaa-11e6-8f88-34363bc7c4c0": {
                                    "create": 600000000000,
                                    "delete": 600000000000,
                                    "update": 600000000000
                                },
                                "schema_version": "1"
                            },
                            "tainted": true
                        },
                        {
                            "id": "i-04a9c314686cd80fc",
                            "attributes": {
                                "ami": "ami-8c1be5f6",
                                "associate_public_ip_address": "true",
                                "availability_zone": "us-east-1f",
                                "disable_api_termination": "false",
                                "ebs_block_device.#": "0",
                                "ebs_optimized": "false",
                                "ephemeral_block_device.#": "0",
                                "iam_instance_profile": "",
                                "id": "i-04a9c314686cd80fc",
                                "instance_state": "running",
                                "instance_type": "t2.micro",
                                "ipv6_addresses.#": "0",
                                "key_name": "levvel",
                                "monitoring": "false",
                                "network_interface.#": "0",
                                "network_interface_id": "eni-8cfa7f2e",
                                "primary_network_interface_id": "eni-8cfa7f2e",
                                "private_dns": "ip-10-0-2-68.ec2.internal",
                                "private_ip": "10.0.2.68",
                                "public_dns": "ec2-34-229-131-3.compute-1.amazonaws.com",
                                "public_ip": "34.229.131.3",
                                "root_block_device.#": "1",
                                "root_block_device.0.delete_on_termination": "true",
                                "root_block_device.0.iops": "0",
                                "root_block_device.0.volume_size": "8",
                                "root_block_device.0.volume_type": "standard",
                                "security_groups.#": "0",
                                "source_dest_check": "true",
                                "subnet_id": "subnet-b980b8b5",
                                "tags.%": "2",
                                "tags.Group": "mysql",
                                "tags.Name": "levvel-webmysql001",
                                "tenancy": "default",
                                "volume_tags.%": "0",
                                "vpc_security_group_ids.#": "1",
                                "vpc_security_group_ids.3760048105": "sg-c6a6a7b4"
                            },
                            "meta": {
                                "e2bfb730-ecaa-11e6-8f88-34363bc7c4c0": {
                                    "create": 600000000000,
                                    "delete": 600000000000,
                                    "update": 600000000000
                                },
                                "schema_version": "1"
                            },
                            "tainted": true
                        },
                        {
                            "id": "i-04f546dddb0847217",
                            "attributes": {
                                "ami": "ami-8c1be5f6",
                                "associate_public_ip_address": "true",
                                "availability_zone": "us-east-1f",
                                "disable_api_termination": "false",
                                "ebs_block_device.#": "0",
                                "ebs_optimized": "false",
                                "ephemeral_block_device.#": "0",
                                "iam_instance_profile": "",
                                "id": "i-04f546dddb0847217",
                                "instance_state": "running",
                                "instance_type": "t2.micro",
                                "ipv6_addresses.#": "0",
                                "key_name": "levvel",
                                "monitoring": "false",
                                "network_interface.#": "0",
                                "network_interface_id": "eni-b4800516",
                                "primary_network_interface_id": "eni-b4800516",
                                "private_dns": "ip-10-0-2-162.ec2.internal",
                                "private_ip": "10.0.2.162",
                                "public_dns": "ec2-34-228-52-19.compute-1.amazonaws.com",
                                "public_ip": "34.228.52.19",
                                "root_block_device.#": "1",
                                "root_block_device.0.delete_on_termination": "true",
                                "root_block_device.0.iops": "0",
                                "root_block_device.0.volume_size": "8",
                                "root_block_device.0.volume_type": "standard",
                                "security_groups.#": "0",
                                "source_dest_check": "true",
                                "subnet_id": "subnet-b980b8b5",
                                "tags.%": "2",
                                "tags.Group": "mysql",
                                "tags.Name": "levvel-webmysql001",
                                "tenancy": "default",
                                "volume_tags.%": "0",
                                "vpc_security_group_ids.#": "1",
                                "vpc_security_group_ids.3760048105": "sg-c6a6a7b4"
                            },
                            "meta": {
                                "e2bfb730-ecaa-11e6-8f88-34363bc7c4c0": {
                                    "create": 600000000000,
                                    "delete": 600000000000,
                                    "update": 600000000000
                                },
                                "schema_version": "1"
                            },
                            "tainted": true
                        }
                    ],
                    "provider": ""
                },
                "aws_instance.instance.1": {
                    "type": "aws_instance",
                    "depends_on": [],
                    "primary": {
                        "id": "",
                        "attributes": {},
                        "meta": {},
                        "tainted": false
                    },
                    "deposed": [
                        {
                            "id": "i-01c5c57cf99861d0d",
                            "attributes": {
                                "ami": "ami-8c1be5f6",
                                "associate_public_ip_address": "true",
                                "availability_zone": "us-east-1f",
                                "disable_api_termination": "false",
                                "ebs_block_device.#": "0",
                                "ebs_optimized": "false",
                                "ephemeral_block_device.#": "0",
                                "iam_instance_profile": "",
                                "id": "i-01c5c57cf99861d0d",
                                "instance_state": "running",
                                "instance_type": "t2.micro",
                                "ipv6_addresses.#": "0",
                                "key_name": "default",
                                "monitoring": "false",
                                "network_interface.#": "0",
                                "network_interface_id": "eni-bfe96c1d",
                                "primary_network_interface_id": "eni-bfe96c1d",
                                "private_dns": "ip-10-0-2-249.ec2.internal",
                                "private_ip": "10.0.2.249",
                                "public_dns": "ec2-34-204-201-133.compute-1.amazonaws.com",
                                "public_ip": "34.204.201.133",
                                "root_block_device.#": "1",
                                "root_block_device.0.delete_on_termination": "true",
                                "root_block_device.0.iops": "0",
                                "root_block_device.0.volume_size": "30",
                                "root_block_device.0.volume_type": "standard",
                                "security_groups.#": "0",
                                "source_dest_check": "false",
                                "subnet_id": "subnet-b980b8b5",
                                "tags.%": "2",
                                "tags.Group": "mysql",
                                "tags.Name": "levvel-web%!d(string=mysql)%!(EXTRA int=2)",
                                "tenancy": "default",
                                "volume_tags.%": "0",
                                "vpc_security_group_ids.#": "1",
                                "vpc_security_group_ids.3760048105": "sg-c6a6a7b4"
                            },
                            "meta": {
                                "e2bfb730-ecaa-11e6-8f88-34363bc7c4c0": {
                                    "create": 600000000000,
                                    "delete": 600000000000,
                                    "update": 600000000000
                                },
                                "schema_version": "1"
                            },
                            "tainted": true
                        }
                    ],
                    "provider": ""
                },
                "aws_instance.instance.2": {
                    "type": "aws_instance",
                    "depends_on": [],
                    "primary": {
                        "id": "",
                        "attributes": {},
                        "meta": {},
                        "tainted": false
                    },
                    "deposed": [
                        {
                            "id": "i-0ee4136ada2445dbd",
                            "attributes": {
                                "ami": "ami-8c1be5f6",
                                "associate_public_ip_address": "true",
                                "availability_zone": "us-east-1f",
                                "disable_api_termination": "false",
                                "ebs_block_device.#": "0",
                                "ebs_optimized": "false",
                                "ephemeral_block_device.#": "0",
                                "iam_instance_profile": "",
                                "id": "i-0ee4136ada2445dbd",
                                "instance_state": "running",
                                "instance_type": "t2.micro",
                                "ipv6_addresses.#": "0",
                                "key_name": "default",
                                "monitoring": "false",
                                "network_interface.#": "0",
                                "network_interface_id": "eni-5ee065fc",
                                "primary_network_interface_id": "eni-5ee065fc",
                                "private_dns": "ip-10-0-2-201.ec2.internal",
                                "private_ip": "10.0.2.201",
                                "public_dns": "ec2-34-204-189-70.compute-1.amazonaws.com",
                                "public_ip": "34.204.189.70",
                                "root_block_device.#": "1",
                                "root_block_device.0.delete_on_termination": "true",
                                "root_block_device.0.iops": "0",
                                "root_block_device.0.volume_size": "30",
                                "root_block_device.0.volume_type": "standard",
                                "security_groups.#": "0",
                                "source_dest_check": "false",
                                "subnet_id": "subnet-b980b8b5",
                                "tags.%": "2",
                                "tags.Group": "mysql",
                                "tags.Name": "levvel-web%!d(string=mysql)%!(EXTRA int=3)",
                                "tenancy": "default",
                                "volume_tags.%": "0",
                                "vpc_security_group_ids.#": "1",
                                "vpc_security_group_ids.3760048105": "sg-c6a6a7b4"
                            },
                            "meta": {
                                "e2bfb730-ecaa-11e6-8f88-34363bc7c4c0": {
                                    "create": 600000000000,
                                    "delete": 600000000000,
                                    "update": 600000000000
                                },
                                "schema_version": "1"
                            },
                            "tainted": true
                        }
                    ],
                    "provider": ""
                }
            },
            "depends_on": []
        },
        {
            "path": [
                "root",
                "frontend"
            ],
            "outputs": {
                "instance_ids": {
                    "sensitive": false,
                    "type": "list",
                    "value": [
                        "i-0cd34e46c26438a66",
                        "i-0ce5d185a54ea1daa"
                    ]
                }
            },
            "resources": {
                "aws_instance.instance.0": {
                    "type": "aws_instance",
                    "depends_on": [],
                    "primary": {
                        "id": "i-0cd34e46c26438a66",
                        "attributes": {
                            "ami": "ami-8c1be5f6",
                            "associate_public_ip_address": "true",
                            "availability_zone": "us-east-1d",
                            "disable_api_termination": "false",
                            "ebs_block_device.#": "0",
                            "ebs_optimized": "false",
                            "ephemeral_block_device.#": "0",
                            "iam_instance_profile": "",
                            "id": "i-0cd34e46c26438a66",
                            "instance_state": "running",
                            "instance_type": "t2.micro",
                            "ipv6_addresses.#": "0",
                            "key_name": "levvel",
                            "monitoring": "false",
                            "network_interface.#": "0",
                            "network_interface_id": "eni-290439a4",
                            "primary_network_interface_id": "eni-290439a4",
                            "private_dns": "ip-10-0-1-234.ec2.internal",
                            "private_ip": "10.0.1.234",
                            "public_dns": "ec2-34-205-146-103.compute-1.amazonaws.com",
                            "public_ip": "34.205.146.103",
                            "root_block_device.#": "1",
                            "root_block_device.0.delete_on_termination": "true",
                            "root_block_device.0.iops": "0",
                            "root_block_device.0.volume_size": "8",
                            "root_block_device.0.volume_type": "standard",
                            "security_groups.#": "0",
                            "source_dest_check": "true",
                            "subnet_id": "subnet-7f659a50",
                            "tags.%": "2",
                            "tags.Group": "frontend",
                            "tags.Name": "levvel-webfrontend001",
                            "tenancy": "default",
                            "volume_tags.%": "0",
                            "vpc_security_group_ids.#": "1",
                            "vpc_security_group_ids.4024415406": "sg-feaaab8c"
                        },
                        "meta": {
                            "e2bfb730-ecaa-11e6-8f88-34363bc7c4c0": {
                                "create": 600000000000,
                                "delete": 600000000000,
                                "update": 600000000000
                            },
                            "schema_version": "1"
                        },
                        "tainted": false
                    },
                    "deposed": [
                        {
                            "id": "i-08b78dc8df9967cbf",
                            "attributes": {
                                "ami": "ami-8c1be5f6",
                                "associate_public_ip_address": "true",
                                "availability_zone": "us-east-1d",
                                "disable_api_termination": "false",
                                "ebs_block_device.#": "0",
                                "ebs_optimized": "false",
                                "ephemeral_block_device.#": "0",
                                "iam_instance_profile": "",
                                "id": "i-08b78dc8df9967cbf",
                                "instance_state": "running",
                                "instance_type": "t2.micro",
                                "ipv6_addresses.#": "0",
                                "key_name": "default",
                                "monitoring": "false",
                                "network_interface.#": "0",
                                "network_interface_id": "eni-30d3e3bd",
                                "primary_network_interface_id": "eni-30d3e3bd",
                                "private_dns": "ip-10-0-1-238.ec2.internal",
                                "private_ip": "10.0.1.238",
                                "public_dns": "ec2-54-227-118-164.compute-1.amazonaws.com",
                                "public_ip": "54.227.118.164",
                                "root_block_device.#": "1",
                                "root_block_device.0.delete_on_termination": "true",
                                "root_block_device.0.iops": "0",
                                "root_block_device.0.volume_size": "8",
                                "root_block_device.0.volume_type": "standard",
                                "security_groups.#": "0",
                                "source_dest_check": "false",
                                "subnet_id": "subnet-7f659a50",
                                "tags.%": "2",
                                "tags.Group": "frontend",
                                "tags.Name": "levvel-web%!d(string=frontend)%!(EXTRA int=1)",
                                "tenancy": "default",
                                "volume_tags.%": "0",
                                "vpc_security_group_ids.#": "1",
                                "vpc_security_group_ids.4024415406": "sg-feaaab8c"
                            },
                            "meta": {
                                "e2bfb730-ecaa-11e6-8f88-34363bc7c4c0": {
                                    "create": 600000000000,
                                    "delete": 600000000000,
                                    "update": 600000000000
                                },
                                "schema_version": "1"
                            },
                            "tainted": true
                        },
                        {
                            "id": "i-07529e4f04a4d56ae",
                            "attributes": {
                                "ami": "ami-8c1be5f6",
                                "associate_public_ip_address": "true",
                                "availability_zone": "us-east-1d",
                                "disable_api_termination": "false",
                                "ebs_block_device.#": "0",
                                "ebs_optimized": "false",
                                "ephemeral_block_device.#": "0",
                                "iam_instance_profile": "",
                                "id": "i-07529e4f04a4d56ae",
                                "instance_state": "running",
                                "instance_type": "t2.micro",
                                "ipv6_addresses.#": "0",
                                "key_name": "default",
                                "monitoring": "false",
                                "network_interface.#": "0",
                                "network_interface_id": "eni-4b6f5cc6",
                                "primary_network_interface_id": "eni-4b6f5cc6",
                                "private_dns": "ip-10-0-1-75.ec2.internal",
                                "private_ip": "10.0.1.75",
                                "public_dns": "ec2-54-166-41-68.compute-1.amazonaws.com",
                                "public_ip": "54.166.41.68",
                                "root_block_device.#": "1",
                                "root_block_device.0.delete_on_termination": "true",
                                "root_block_device.0.iops": "0",
                                "root_block_device.0.volume_size": "8",
                                "root_block_device.0.volume_type": "standard",
                                "security_groups.#": "0",
                                "source_dest_check": "false",
                                "subnet_id": "subnet-7f659a50",
                                "tags.%": "2",
                                "tags.Group": "frontend",
                                "tags.Name": "levvel-web%!d(string=frontend)%!(EXTRA int=1)",
                                "tenancy": "default",
                                "volume_tags.%": "0",
                                "vpc_security_group_ids.#": "1",
                                "vpc_security_group_ids.4024415406": "sg-feaaab8c"
                            },
                            "meta": {
                                "e2bfb730-ecaa-11e6-8f88-34363bc7c4c0": {
                                    "create": 600000000000,
                                    "delete": 600000000000,
                                    "update": 600000000000
                                },
                                "schema_version": "1"
                            },
                            "tainted": true
                        }
                    ],
                    "provider": ""
                },
                "aws_instance.instance.1": {
                    "type": "aws_instance",
                    "depends_on": [],
                    "primary": {
                        "id": "i-0ce5d185a54ea1daa",
                        "attributes": {
                            "ami": "ami-8c1be5f6",
                            "associate_public_ip_address": "true",
                            "availability_zone": "us-east-1d",
                            "disable_api_termination": "false",
                            "ebs_block_device.#": "0",
                            "ebs_optimized": "false",
                            "ephemeral_block_device.#": "0",
                            "iam_instance_profile": "",
                            "id": "i-0ce5d185a54ea1daa",
                            "instance_state": "running",
                            "instance_type": "t2.micro",
                            "ipv6_addresses.#": "0",
                            "key_name": "levvel",
                            "monitoring": "false",
                            "network_interface.#": "0",
                            "network_interface_id": "eni-d0ba875d",
                            "primary_network_interface_id": "eni-d0ba875d",
                            "private_dns": "ip-10-0-1-23.ec2.internal",
                            "private_ip": "10.0.1.23",
                            "public_dns": "ec2-107-22-103-1.compute-1.amazonaws.com",
                            "public_ip": "107.22.103.1",
                            "root_block_device.#": "1",
                            "root_block_device.0.delete_on_termination": "true",
                            "root_block_device.0.iops": "0",
                            "root_block_device.0.volume_size": "8",
                            "root_block_device.0.volume_type": "standard",
                            "security_groups.#": "0",
                            "source_dest_check": "true",
                            "subnet_id": "subnet-7f659a50",
                            "tags.%": "2",
                            "tags.Group": "frontend",
                            "tags.Name": "levvel-webfrontend002",
                            "tenancy": "default",
                            "volume_tags.%": "0",
                            "vpc_security_group_ids.#": "1",
                            "vpc_security_group_ids.4024415406": "sg-feaaab8c"
                        },
                        "meta": {
                            "e2bfb730-ecaa-11e6-8f88-34363bc7c4c0": {
                                "create": 600000000000,
                                "delete": 600000000000,
                                "update": 600000000000
                            },
                            "schema_version": "1"
                        },
                        "tainted": false
                    },
                    "deposed": [
                        {
                            "id": "i-0efa4c0948b3eded8",
                            "attributes": {
                                "ami": "ami-8c1be5f6",
                                "associate_public_ip_address": "true",
                                "availability_zone": "us-east-1d",
                                "disable_api_termination": "false",
                                "ebs_block_device.#": "0",
                                "ebs_optimized": "false",
                                "ephemeral_block_device.#": "0",
                                "iam_instance_profile": "",
                                "id": "i-0efa4c0948b3eded8",
                                "instance_state": "running",
                                "instance_type": "t2.micro",
                                "ipv6_addresses.#": "0",
                                "key_name": "default",
                                "monitoring": "false",
                                "network_interface.#": "0",
                                "network_interface_id": "eni-8ad3e307",
                                "primary_network_interface_id": "eni-8ad3e307",
                                "private_dns": "ip-10-0-1-129.ec2.internal",
                                "private_ip": "10.0.1.129",
                                "public_dns": "ec2-54-91-234-6.compute-1.amazonaws.com",
                                "public_ip": "54.91.234.6",
                                "root_block_device.#": "1",
                                "root_block_device.0.delete_on_termination": "true",
                                "root_block_device.0.iops": "0",
                                "root_block_device.0.volume_size": "8",
                                "root_block_device.0.volume_type": "standard",
                                "security_groups.#": "0",
                                "source_dest_check": "false",
                                "subnet_id": "subnet-7f659a50",
                                "tags.%": "2",
                                "tags.Group": "frontend",
                                "tags.Name": "levvel-web%!d(string=frontend)%!(EXTRA int=2)",
                                "tenancy": "default",
                                "volume_tags.%": "0",
                                "vpc_security_group_ids.#": "1",
                                "vpc_security_group_ids.4024415406": "sg-feaaab8c"
                            },
                            "meta": {
                                "e2bfb730-ecaa-11e6-8f88-34363bc7c4c0": {
                                    "create": 600000000000,
                                    "delete": 600000000000,
                                    "update": 600000000000
                                },
                                "schema_version": "1"
                            },
                            "tainted": true
                        },
                        {
                            "id": "i-08cfb0af20b4fb995",
                            "attributes": {
                                "ami": "ami-8c1be5f6",
                                "associate_public_ip_address": "true",
                                "availability_zone": "us-east-1d",
                                "disable_api_termination": "false",
                                "ebs_block_device.#": "0",
                                "ebs_optimized": "false",
                                "ephemeral_block_device.#": "0",
                                "iam_instance_profile": "",
                                "id": "i-08cfb0af20b4fb995",
                                "instance_state": "running",
                                "instance_type": "t2.micro",
                                "ipv6_addresses.#": "0",
                                "key_name": "default",
                                "monitoring": "false",
                                "network_interface.#": "0",
                                "network_interface_id": "eni-126c5f9f",
                                "primary_network_interface_id": "eni-126c5f9f",
                                "private_dns": "ip-10-0-1-32.ec2.internal",
                                "private_ip": "10.0.1.32",
                                "public_dns": "ec2-34-227-113-94.compute-1.amazonaws.com",
                                "public_ip": "34.227.113.94",
                                "root_block_device.#": "1",
                                "root_block_device.0.delete_on_termination": "true",
                                "root_block_device.0.iops": "0",
                                "root_block_device.0.volume_size": "8",
                                "root_block_device.0.volume_type": "standard",
                                "security_groups.#": "0",
                                "source_dest_check": "false",
                                "subnet_id": "subnet-7f659a50",
                                "tags.%": "2",
                                "tags.Group": "frontend",
                                "tags.Name": "levvel-web%!d(string=frontend)%!(EXTRA int=2)",
                                "tenancy": "default",
                                "volume_tags.%": "0",
                                "vpc_security_group_ids.#": "1",
                                "vpc_security_group_ids.4024415406": "sg-feaaab8c"
                            },
                            "meta": {
                                "e2bfb730-ecaa-11e6-8f88-34363bc7c4c0": {
                                    "create": 600000000000,
                                    "delete": 600000000000,
                                    "update": 600000000000
                                },
                                "schema_version": "1"
                            },
                            "tainted": true
                        }
                    ],
                    "provider": ""
                }
            },
            "depends_on": []
        }
    ]
}
